
Microsoft Visual Studio Solution File, Format Version 12.00
# Visual Studio 2013
VisualStudioVersion = 12.0.30723.0
MinimumVisualStudioVersion = 10.0.40219.1
Project("{FAE04EC0-301F-11D3-BF4B-00C04F79EFBC}") = "MethodParameters", "MethodParameters\MethodParameters.csproj", "{478BEDA3-9425-49FD-A7F7-A1C98BD947FD}"
EndProject
Project("{FAE04EC0-301F-11D3-BF4B-00C04F79EFBC}") = "Operators", "Operators\Operators.csproj", "{C9C46654-67BC-404E-9BC8-2C2584D8FCEA}"
EndProject
Project("{FAE04EC0-301F-11D3-BF4B-00C04F79EFBC}") = "Generics", "Generics\Generics.csproj", "{47F5102F-A292-4A3F-8F25-752ABE1FDCFD}"
EndProject
Project("{FAE04EC0-301F-11D3-BF4B-00C04F79EFBC}") = "Dynamics", "Dynamics\Dynamics.csproj", "{0BABE9F1-3628-410C-9AC2-9B6CA96E49B2}"
EndProject
Project("{FAE04EC0-301F-11D3-BF4B-00C04F79EFBC}") = "Extensibility", "Extensions\Extensibility.csproj", "{D896F0B6-D544-4760-8719-D7A6CCCE3344}"
EndProject
Project("{FAE04EC0-301F-11D3-BF4B-00C04F79EFBC}") = "Linq", "Linq\Linq.csproj", "{CA4093D6-51E5-4747-A7D0-5F11D28635A6}"
EndProject
Project("{FAE04EC0-301F-11D3-BF4B-00C04F79EFBC}") = "EntityFramework", "EntityFramework\EntityFramework.csproj", "{DECB2453-5CF6-4608-966A-7AA77FE07959}"
EndProject
Global
	GlobalSection(SolutionConfigurationPlatforms) = preSolution
		Debug|Any CPU = Debug|Any CPU
		Release|Any CPU = Release|Any CPU
	EndGlobalSection
	GlobalSection(ProjectConfigurationPlatforms) = postSolution
		{478BEDA3-9425-49FD-A7F7-A1C98BD947FD}.Debug|Any CPU.ActiveCfg = Debug|Any CPU
		{478BEDA3-9425-49FD-A7F7-A1C98BD947FD}.Debug|Any CPU.Build.0 = Debug|Any CPU
		{478BEDA3-9425-49FD-A7F7-A1C98BD947FD}.Release|Any CPU.ActiveCfg = Release|Any CPU
		{478BEDA3-9425-49FD-A7F7-A1C98BD947FD}.Release|Any CPU.Build.0 = Release|Any CPU
		{C9C46654-67BC-404E-9BC8-2C2584D8FCEA}.Debug|Any CPU.ActiveCfg = Debug|Any CPU
		{C9C46654-67BC-404E-9BC8-2C2584D8FCEA}.Debug|Any CPU.Build.0 = Debug|Any CPU
		{C9C46654-67BC-404E-9BC8-2C2584D8FCEA}.Release|Any CPU.ActiveCfg = Release|Any CPU
		{C9C46654-67BC-404E-9BC8-2C2584D8FCEA}.Release|Any CPU.Build.0 = Release|Any CPU
		{47F5102F-A292-4A3F-8F25-752ABE1FDCFD}.Debug|Any CPU.ActiveCfg = Debug|Any CPU
		{47F5102F-A292-4A3F-8F25-752ABE1FDCFD}.Debug|Any CPU.Build.0 = Debug|Any CPU
		{47F5102F-A292-4A3F-8F25-752ABE1FDCFD}.Release|Any CPU.ActiveCfg = Release|Any CPU
		{47F5102F-A292-4A3F-8F25-752ABE1FDCFD}.Release|Any CPU.Build.0 = Release|Any CPU
		{0BABE9F1-3628-410C-9AC2-9B6CA96E49B2}.Debug|Any CPU.ActiveCfg = Debug|Any CPU
		{0BABE9F1-3628-410C-9AC2-9B6CA96E49B2}.Debug|Any CPU.Build.0 = Debug|Any CPU
		{0BABE9F1-3628-410C-9AC2-9B6CA96E49B2}.Release|Any CPU.ActiveCfg = Release|Any CPU
		{0BABE9F1-3628-410C-9AC2-9B6CA96E49B2}.Release|Any CPU.Build.0 = Release|Any CPU
		{D896F0B6-D544-4760-8719-D7A6CCCE3344}.Debug|Any CPU.ActiveCfg = Debug|Any CPU
		{D896F0B6-D544-4760-8719-D7A6CCCE3344}.Debug|Any CPU.Build.0 = Debug|Any CPU
		{D896F0B6-D544-4760-8719-D7A6CCCE3344}.Release|Any CPU.ActiveCfg = Release|Any CPU
		{D896F0B6-D544-4760-8719-D7A6CCCE3344}.Release|Any CPU.Build.0 = Release|Any CPU
		{CA4093D6-51E5-4747-A7D0-5F11D28635A6}.Debug|Any CPU.ActiveCfg = Debug|Any CPU
		{CA4093D6-51E5-4747-A7D0-5F11D28635A6}.Debug|Any CPU.Build.0 = Debug|Any CPU
		{CA4093D6-51E5-4747-A7D0-5F11D28635A6}.Release|Any CPU.ActiveCfg = Release|Any CPU
		{CA4093D6-51E5-4747-A7D0-5F11D28635A6}.Release|Any CPU.Build.0 = Release|Any CPU
		{DECB2453-5CF6-4608-966A-7AA77FE07959}.Debug|Any CPU.ActiveCfg = Debug|Any CPU
		{DECB2453-5CF6-4608-966A-7AA77FE07959}.Debug|Any CPU.Build.0 = Debug|Any CPU
		{DECB2453-5CF6-4608-966A-7AA77FE07959}.Release|Any CPU.ActiveCfg = Release|Any CPU
		{DECB2453-5CF6-4608-966A-7AA77FE07959}.Release|Any CPU.Build.0 = Release|Any CPU
	EndGlobalSection
	GlobalSection(SolutionProperties) = preSolution
		HideSolutionNode = FALSE
	EndGlobalSection
EndGlobal
